# THIS IS AN AUTOGENERATED FILE. DO NOT EDIT THIS FILE DIRECTLY.
# yarn lockfile v1


libsodium-wrappers@^0.5.1:
  version "0.5.1"
  resolved "https://registry.yarnpkg.com/libsodium-wrappers/-/libsodium-wrappers-0.5.1.tgz#886fdf3e7ae7e14f89982a160759e29b2c1c4701"
  dependencies:
    libsodium "0.5.1"

libsodium@0.5.1, libsodium@^0.5.1:
  version "0.5.1"
  resolved "https://registry.yarnpkg.com/libsodium/-/libsodium-0.5.1.tgz#c344b49eef6d51d149af811814d642fa1da3f74e"
